
Microsoft Visual Studio Solution File, Format Version 12.00
# Visual Studio 15
VisualStudioVersion = 15.0.27130.2010
MinimumVisualStudioVersion = 10.0.40219.1
Project("{FAE04EC0-301F-11D3-BF4B-00C04F79EFBC}") = "C64CodeRelocator", "C64CodeRelocator\C64CodeRelocator.csproj", "{C7E3EF2B-2B8F-41B1-8893-0BFE0D5B464A}"
EndProject
Global
	GlobalSection(SolutionConfigurationPlatforms) = preSolution
		Debug|Any CPU = Debug|Any CPU
		Release|Any CPU = Release|Any CPU
	EndGlobalSection
	GlobalSection(ProjectConfigurationPlatforms) = postSolution
		{C7E3EF2B-2B8F-41B1-8893-0BFE0D5B464A}.Debug|Any CPU.ActiveCfg = Debug|Any CPU
		{C7E3EF2B-2B8F-41B1-8893-0BFE0D5B464A}.Debug|Any CPU.Build.0 = Debug|Any CPU
		{C7E3EF2B-2B8F-41B1-8893-0BFE0D5B464A}.Release|Any CPU.ActiveCfg = Release|Any CPU
		{C7E3EF2B-2B8F-41B1-8893-0BFE0D5B464A}.Release|Any CPU.Build.0 = Release|Any CPU
	EndGlobalSection
	GlobalSection(SolutionProperties) = preSolution
		HideSolutionNode = FALSE
	EndGlobalSection
	GlobalSection(ExtensibilityGlobals) = postSolution
		SolutionGuid = {F1794B43-FD2F-4C3E-8A7D-0D138A184018}
	EndGlobalSection
EndGlobal
